// !$*UTF8*$!
{
	archiveVersion = 1;
	classes = {
	};
	objectVersion = 46;
	objects = {

/* Begin PBXBuildFile section */
		03871B4E1E71A35300575B2C /* main.m in Sources */ = {isa = PBXBuildFile; fileRef = 03871B4D1E71A35300575B2C /* main.m */; };
		03871B511E71A35400575B2C /* AppDelegate.m in Sources */ = {isa = PBXBuildFile; fileRef = 03871B501E71A35400575B2C /* AppDelegate.m */; };
		03871B591E71A35400575B2C /* Assets.xcassets in Resources */ = {isa = PBXBuildFile; fileRef = 03871B581E71A35400575B2C /* Assets.xcassets */; };
		0388A6281EB59E8A008D7EFD /* MenuHeaderTableViewCell.m in Sources */ = {isa = PBXBuildFile; fileRef = 0388A6271EB59E8A008D7EFD /* MenuHeaderTableViewCell.m */; };
		0388A62B1EB5A101008D7EFD /* MenuHeaderItemTableViewCell.m in Sources */ = {isa = PBXBuildFile; fileRef = 0388A62A1EB5A101008D7EFD /* MenuHeaderItemTableViewCell.m */; };
		0388A62D1EB5E3A4008D7EFD /* AutoLayout.storyboard in Resources */ = {isa = PBXBuildFile; fileRef = 0388A62C1EB5E3A4008D7EFD /* AutoLayout.storyboard */; };
		0388A6301EB5E3DB008D7EFD /* AutoLayoutViewController.m in Sources */ = {isa = PBXBuildFile; fileRef = 0388A62F1EB5E3DB008D7EFD /* AutoLayoutViewController.m */; };
		03999B5A1EB3ABC1003D64C0 /* LaunchScreen.storyboard in Resources */ = {isa = PBXBuildFile; fileRef = 03999B591EB3ABC1003D64C0 /* LaunchScreen.storyboard */; };
		039ACA791EB50407000A5A24 /* CommonUtils.m in Sources */ = {isa = PBXBuildFile; fileRef = 039ACA781EB50407000A5A24 /* CommonUtils.m */; };
		039ACA851EB50425000A5A24 /* ImageViewController.m in Sources */ = {isa = PBXBuildFile; fileRef = 039ACA801EB50425000A5A24 /* ImageViewController.m */; };
		039ACA861EB50425000A5A24 /* LeftMenuViewController.m in Sources */ = {isa = PBXBuildFile; fileRef = 039ACA831EB50425000A5A24 /* LeftMenuViewController.m */; };
		039ACA8A1EB5042E000A5A24 /* ImageView.storyboard in Resources */ = {isa = PBXBuildFile; fileRef = 039ACA881EB5042E000A5A24 /* ImageView.storyboard */; };
		039ACA8B1EB5042E000A5A24 /* Leftmenu.storyboard in Resources */ = {isa = PBXBuildFile; fileRef = 039ACA891EB5042E000A5A24 /* Leftmenu.storyboard */; };
		03EA5A561EB44DB8005DE51E /* CoreGraphics.framework in Frameworks */ = {isa = PBXBuildFile; fileRef = 03EA5A551EB44DB8005DE51E /* CoreGraphics.framework */; };
		03EA5A571EB44E5B005DE51E /* UIKit.framework in Frameworks */ = {isa = PBXBuildFile; fileRef = 03EA5A531EB44C2A005DE51E /* UIKit.framework */; };
		03EA5AC11EB4FCE9005DE51E /* Localizable.strings in Resources */ = {isa = PBXBuildFile; fileRef = 03EA5AC31EB4FCE9005DE51E /* Localizable.strings */; };
		F245D34A3ECC2E5C533820E1 /* libPods-Layouts.a in Frameworks */ = {isa = PBXBuildFile; fileRef = AE2DFE484CD87F86BC04ED2D /* libPods-Layouts.a */; };
/* End PBXBuildFile section */

/* Begin PBXContainerItemProxy section */
		03871B631E71A35400575B2C /* PBXContainerItemProxy */ = {
			isa = PBXContainerItemProxy;
			containerPortal = 03871B411E71A35300575B2C /* Project object */;
			proxyType = 1;
			remoteGlobalIDString = 03871B481E71A35300575B2C;
			remoteInfo = Layouts;
		};
		03871B6E1E71A35400575B2C /* PBXContainerItemProxy */ = {
			isa = PBXContainerItemProxy;
			containerPortal = 03871B411E71A35300575B2C /* Project object */;
			proxyType = 1;
			remoteGlobalIDString = 03871B481E71A35300575B2C;
			remoteInfo = Layouts;
		};
/* End PBXContainerItemProxy section */

/* Begin PBXFileReference section */
		03871B491E71A35300575B2C /* Layouts.app */ = {isa = PBXFileReference; explicitFileType = wrapper.application; includeInIndex = 0; path = Layouts.app; sourceTree = BUILT_PRODUCTS_DIR; };
		03871B4D1E71A35300575B2C /* main.m */ = {isa = PBXFileReference; lastKnownFileType = sourcecode.c.objc; path = main.m; sourceTree = "<group>"; };
		03871B4F1E71A35400575B2C /* AppDelegate.h */ = {isa = PBXFileReference; lastKnownFileType = sourcecode.c.h; path = AppDelegate.h; sourceTree = "<group>"; };
		03871B501E71A35400575B2C /* AppDelegate.m */ = {isa = PBXFileReference; lastKnownFileType = sourcecode.c.objc; path = AppDelegate.m; sourceTree = "<group>"; };
		03871B581E71A35400575B2C /* Assets.xcassets */ = {isa = PBXFileReference; lastKnownFileType = folder.assetcatalog; path = Assets.xcassets; sourceTree = "<group>"; };
		03871B5D1E71A35400575B2C /* Info.plist */ = {isa = PBXFileReference; lastKnownFileType = text.plist.xml; path = Info.plist; sourceTree = "<group>"; };
		03871B621E71A35400575B2C /* LayoutsTests.xctest */ = {isa = PBXFileReference; explicitFileType = wrapper.cfbundle; includeInIndex = 0; path = LayoutsTests.xctest; sourceTree = BUILT_PRODUCTS_DIR; };
		03871B6D1E71A35400575B2C /* LayoutsUITests.xctest */ = {isa = PBXFileReference; explicitFileType = wrapper.cfbundle; includeInIndex = 0; path = LayoutsUITests.xctest; sourceTree = BUILT_PRODUCTS_DIR; };
		0388A6261EB59E8A008D7EFD /* MenuHeaderTableViewCell.h */ = {isa = PBXFileReference; fileEncoding = 4; lastKnownFileType = sourcecode.c.h; path = MenuHeaderTableViewCell.h; sourceTree = "<group>"; };
		0388A6271EB59E8A008D7EFD /* MenuHeaderTableViewCell.m */ = {isa = PBXFileReference; fileEncoding = 4; lastKnownFileType = sourcecode.c.objc; path = MenuHeaderTableViewCell.m; sourceTree = "<group>"; };
		0388A6291EB5A101008D7EFD /* MenuHeaderItemTableViewCell.h */ = {isa = PBXFileReference; fileEncoding = 4; lastKnownFileType = sourcecode.c.h; path = MenuHeaderItemTableViewCell.h; sourceTree = "<group>"; };
		0388A62A1EB5A101008D7EFD /* MenuHeaderItemTableViewCell.m */ = {isa = PBXFileReference; fileEncoding = 4; lastKnownFileType = sourcecode.c.objc; path = MenuHeaderItemTableViewCell.m; sourceTree = "<group>"; };
		0388A62C1EB5E3A4008D7EFD /* AutoLayout.storyboard */ = {isa = PBXFileReference; fileEncoding = 4; lastKnownFileType = file.storyboard; path = AutoLayout.storyboard; sourceTree = "<group>"; };
		0388A62E1EB5E3DB008D7EFD /* AutoLayoutViewController.h */ = {isa = PBXFileReference; fileEncoding = 4; lastKnownFileType = sourcecode.c.h; path = AutoLayoutViewController.h; sourceTree = "<group>"; };
		0388A62F1EB5E3DB008D7EFD /* AutoLayoutViewController.m */ = {isa = PBXFileReference; fileEncoding = 4; lastKnownFileType = sourcecode.c.objc; path = AutoLayoutViewController.m; sourceTree = "<group>"; };
		03999B591EB3ABC1003D64C0 /* LaunchScreen.storyboard */ = {isa = PBXFileReference; fileEncoding = 4; lastKnownFileType = file.storyboard; path = LaunchScreen.storyboard; sourceTree = "<group>"; };
		039ACA771EB50407000A5A24 /* CommonUtils.h */ = {isa = PBXFileReference; fileEncoding = 4; lastKnownFileType = sourcecode.c.h; path = CommonUtils.h; sourceTree = "<group>"; };
		039ACA781EB50407000A5A24 /* CommonUtils.m */ = {isa = PBXFileReference; fileEncoding = 4; lastKnownFileType = sourcecode.c.objc; path = CommonUtils.m; sourceTree = "<group>"; };
		039ACA7F1EB50425000A5A24 /* ImageViewController.h */ = {isa = PBXFileReference; fileEncoding = 4; lastKnownFileType = sourcecode.c.h; path = ImageViewController.h; sourceTree = "<group>"; };
		039ACA801EB50425000A5A24 /* ImageViewController.m */ = {isa = PBXFileReference; fileEncoding = 4; lastKnownFileType = sourcecode.c.objc; path = ImageViewController.m; sourceTree = "<group>"; };
		039ACA821EB50425000A5A24 /* LeftMenuViewController.h */ = {isa = PBXFileReference; fileEncoding = 4; lastKnownFileType = sourcecode.c.h; path = LeftMenuViewController.h; sourceTree = "<group>"; };
		039ACA831EB50425000A5A24 /* LeftMenuViewController.m */ = {isa = PBXFileReference; fileEncoding = 4; lastKnownFileType = sourcecode.c.objc; path = LeftMenuViewController.m; sourceTree = "<group>"; };
		039ACA881EB5042E000A5A24 /* ImageView.storyboard */ = {isa = PBXFileReference; fileEncoding = 4; lastKnownFileType = file.storyboard; path = ImageView.storyboard; sourceTree = "<group>"; };
		039ACA891EB5042E000A5A24 /* Leftmenu.storyboard */ = {isa = PBXFileReference; fileEncoding = 4; lastKnownFileType = file.storyboard; path = Leftmenu.storyboard; sourceTree = "<group>"; };
		03EA5A531EB44C2A005DE51E /* UIKit.framework */ = {isa = PBXFileReference; lastKnownFileType = wrapper.framework; name = UIKit.framework; path = System/Library/Frameworks/UIKit.framework; sourceTree = SDKROOT; };
		03EA5A551EB44DB8005DE51E /* CoreGraphics.framework */ = {isa = PBXFileReference; lastKnownFileType = wrapper.framework; name = CoreGraphics.framework; path = System/Library/Frameworks/CoreGraphics.framework; sourceTree = SDKROOT; };
		03EA5A591EB4916B005DE51E /* PrefixHeader.pch */ = {isa = PBXFileReference; fileEncoding = 4; lastKnownFileType = sourcecode.c.h; path = PrefixHeader.pch; sourceTree = "<group>"; };
		03EA5AC21EB4FCE9005DE51E /* en */ = {isa = PBXFileReference; lastKnownFileType = text.plist.strings; name = en; path = en.lproj/Localizable.strings; sourceTree = "<group>"; };
		03EA5AC41EB4FCEB005DE51E /* vi */ = {isa = PBXFileReference; lastKnownFileType = text.plist.strings; name = vi; path = vi.lproj/Localizable.strings; sourceTree = "<group>"; };
		4FBCB201CB9ECB92F5AFBFB8 /* Pods-Layouts.release.xcconfig */ = {isa = PBXFileReference; includeInIndex = 1; lastKnownFileType = text.xcconfig; name = "Pods-Layouts.release.xcconfig"; path = "Pods/Target Support Files/Pods-Layouts/Pods-Layouts.release.xcconfig"; sourceTree = "<group>"; };
		A33073B8C9B9D1CECF910413 /* Pods-Layouts.debug.xcconfig */ = {isa = PBXFileReference; includeInIndex = 1; lastKnownFileType = text.xcconfig; name = "Pods-Layouts.debug.xcconfig"; path = "Pods/Target Support Files/Pods-Layouts/Pods-Layouts.debug.xcconfig"; sourceTree = "<group>"; };
		AE2DFE484CD87F86BC04ED2D /* libPods-Layouts.a */ = {isa = PBXFileReference; explicitFileType = archive.ar; includeInIndex = 0; path = "libPods-Layouts.a"; sourceTree = BUILT_PRODUCTS_DIR; };
/* End PBXFileReference section */

/* Begin PBXFrameworksBuildPhase section */
		03871B461E71A35300575B2C /* Frameworks */ = {
			isa = PBXFrameworksBuildPhase;
			buildActionMask = 2147483647;
			files = (
				03EA5A571EB44E5B005DE51E /* UIKit.framework in Frameworks */,
				03EA5A561EB44DB8005DE51E /* CoreGraphics.framework in Frameworks */,
				F245D34A3ECC2E5C533820E1 /* libPods-Layouts.a in Frameworks */,
			);
			runOnlyForDeploymentPostprocessing = 0;
		};
		03871B5F1E71A35400575B2C /* Frameworks */ = {
			isa = PBXFrameworksBuildPhase;
			buildActionMask = 2147483647;
			files = (
			);
			runOnlyForDeploymentPostprocessing = 0;
		};
		03871B6A1E71A35400575B2C /* Frameworks */ = {
			isa = PBXFrameworksBuildPhase;
			buildActionMask = 2147483647;
			files = (
			);
			runOnlyForDeploymentPostprocessing = 0;
		};
/* End PBXFrameworksBuildPhase section */

/* Begin PBXGroup section */
		03871B401E71A35300575B2C = {
			isa = PBXGroup;
			children = (
				03EA5A5A1EB493E9005DE51E /* Multilanguages */,
				039ACA761EB50407000A5A24 /* Utils */,
				03871B4B1E71A35300575B2C /* Layouts */,
				03871B4A1E71A35300575B2C /* Products */,
				9FF38D7A577F5E2AEB188AC9 /* Pods */,
				771FD514FEA366BD91340874 /* Frameworks */,
			);
			sourceTree = "<group>";
		};
		03871B4A1E71A35300575B2C /* Products */ = {
			isa = PBXGroup;
			children = (
				03871B491E71A35300575B2C /* Layouts.app */,
				03871B621E71A35400575B2C /* LayoutsTests.xctest */,
				03871B6D1E71A35400575B2C /* LayoutsUITests.xctest */,
			);
			name = Products;
			sourceTree = "<group>";
		};
		03871B4B1E71A35300575B2C /* Layouts */ = {
			isa = PBXGroup;
			children = (
				039ACA7A1EB50425000A5A24 /* Controller */,
				039ACA871EB5042E000A5A24 /* View */,
				03999B571EB3AB93003D64C0 /* Model */,
				03871B4F1E71A35400575B2C /* AppDelegate.h */,
				03871B501E71A35400575B2C /* AppDelegate.m */,
				03871B581E71A35400575B2C /* Assets.xcassets */,
				03871B5D1E71A35400575B2C /* Info.plist */,
				03EA5A591EB4916B005DE51E /* PrefixHeader.pch */,
				03871B4C1E71A35300575B2C /* Supporting Files */,
				03999B591EB3ABC1003D64C0 /* LaunchScreen.storyboard */,
			);
			path = Layouts;
			sourceTree = "<group>";
		};
		03871B4C1E71A35300575B2C /* Supporting Files */ = {
			isa = PBXGroup;
			children = (
				03871B4D1E71A35300575B2C /* main.m */,
			);
			name = "Supporting Files";
			sourceTree = "<group>";
		};
		0388A6251EB59E68008D7EFD /* TableCells */ = {
			isa = PBXGroup;
			children = (
				0388A6261EB59E8A008D7EFD /* MenuHeaderTableViewCell.h */,
				0388A6271EB59E8A008D7EFD /* MenuHeaderTableViewCell.m */,
				0388A6291EB5A101008D7EFD /* MenuHeaderItemTableViewCell.h */,
				0388A62A1EB5A101008D7EFD /* MenuHeaderItemTableViewCell.m */,
			);
			path = TableCells;
			sourceTree = "<group>";
		};
		03999B571EB3AB93003D64C0 /* Model */ = {
			isa = PBXGroup;
			children = (
			);
			name = Model;
			sourceTree = "<group>";
		};
		039ACA761EB50407000A5A24 /* Utils */ = {
			isa = PBXGroup;
			children = (
				039ACA771EB50407000A5A24 /* CommonUtils.h */,
				039ACA781EB50407000A5A24 /* CommonUtils.m */,
			);
			path = Utils;
			sourceTree = "<group>";
		};
		039ACA7A1EB50425000A5A24 /* Controller */ = {
			isa = PBXGroup;
			children = (
				039ACA7B1EB50425000A5A24 /* AutoLayout */,
				039ACA7E1EB50425000A5A24 /* ImageView */,
				039ACA811EB50425000A5A24 /* LeftMenu */,
			);
			path = Controller;
			sourceTree = "<group>";
		};
		039ACA7B1EB50425000A5A24 /* AutoLayout */ = {
			isa = PBXGroup;
			children = (
				0388A62E1EB5E3DB008D7EFD /* AutoLayoutViewController.h */,
				0388A62F1EB5E3DB008D7EFD /* AutoLayoutViewController.m */,
			);
			path = AutoLayout;
			sourceTree = "<group>";
		};
		039ACA7E1EB50425000A5A24 /* ImageView */ = {
			isa = PBXGroup;
			children = (
				039ACA7F1EB50425000A5A24 /* ImageViewController.h */,
				039ACA801EB50425000A5A24 /* ImageViewController.m */,
			);
			path = ImageView;
			sourceTree = "<group>";
		};
		039ACA811EB50425000A5A24 /* LeftMenu */ = {
			isa = PBXGroup;
			children = (
				0388A6251EB59E68008D7EFD /* TableCells */,
				039ACA821EB50425000A5A24 /* LeftMenuViewController.h */,
				039ACA831EB50425000A5A24 /* LeftMenuViewController.m */,
			);
			path = LeftMenu;
			sourceTree = "<group>";
		};
		039ACA871EB5042E000A5A24 /* View */ = {
			isa = PBXGroup;
			children = (
				039ACA881EB5042E000A5A24 /* ImageView.storyboard */,
				039ACA891EB5042E000A5A24 /* Leftmenu.storyboard */,
				0388A62C1EB5E3A4008D7EFD /* AutoLayout.storyboard */,
			);
			path = View;
			sourceTree = "<group>";
		};
		03EA5A5A1EB493E9005DE51E /* Multilanguages */ = {
			isa = PBXGroup;
			children = (
				03EA5AC31EB4FCE9005DE51E /* Localizable.strings */,
			);
			name = Multilanguages;
			sourceTree = "<group>";
		};
		771FD514FEA366BD91340874 /* Frameworks */ = {
			isa = PBXGroup;
			children = (
				03EA5A551EB44DB8005DE51E /* CoreGraphics.framework */,
				03EA5A531EB44C2A005DE51E /* UIKit.framework */,
				AE2DFE484CD87F86BC04ED2D /* libPods-Layouts.a */,
			);
			name = Frameworks;
			sourceTree = "<group>";
		};
		9FF38D7A577F5E2AEB188AC9 /* Pods */ = {
			isa = PBXGroup;
			children = (
				A33073B8C9B9D1CECF910413 /* Pods-Layouts.debug.xcconfig */,
				4FBCB201CB9ECB92F5AFBFB8 /* Pods-Layouts.release.xcconfig */,
			);
			name = Pods;
			sourceTree = "<group>";
		};
/* End PBXGroup section */

/* Begin PBXNativeTarget section */
		03871B481E71A35300575B2C /* Layouts */ = {
			isa = PBXNativeTarget;
			buildConfigurationList = 03871B761E71A35400575B2C /* Build configuration list for PBXNativeTarget "Layouts" */;
			buildPhases = (
				6F1044D6CE9DB9B96DBB745E /* [CP] Check Pods Manifest.lock */,
				03871B451E71A35300575B2C /* Sources */,
				03871B461E71A35300575B2C /* Frameworks */,
				03871B471E71A35300575B2C /* Resources */,
				B224F02F0E10C17BD783AE10 /* [CP] Embed Pods Frameworks */,
				117D8444F041DCF1FAEA2858 /* [CP] Copy Pods Resources */,
			);
			buildRules = (
			);
			dependencies = (
			);
			name = Layouts;
			productName = Layouts;
			productReference = 03871B491E71A35300575B2C /* Layouts.app */;
			productType = "com.apple.product-type.application";
		};
		03871B611E71A35400575B2C /* LayoutsTests */ = {
			isa = PBXNativeTarget;
			buildConfigurationList = 03871B791E71A35400575B2C /* Build configuration list for PBXNativeTarget "LayoutsTests" */;
			buildPhases = (
				03871B5E1E71A35400575B2C /* Sources */,
				03871B5F1E71A35400575B2C /* Frameworks */,
				03871B601E71A35400575B2C /* Resources */,
			);
			buildRules = (
			);
			dependencies = (
				03871B641E71A35400575B2C /* PBXTargetDependency */,
			);
			name = LayoutsTests;
			productName = LayoutsTests;
			productReference = 03871B621E71A35400575B2C /* LayoutsTests.xctest */;
			productType = "com.apple.product-type.bundle.unit-test";
		};
		03871B6C1E71A35400575B2C /* LayoutsUITests */ = {
			isa = PBXNativeTarget;
			buildConfigurationList = 03871B7C1E71A35400575B2C /* Build configuration list for PBXNativeTarget "LayoutsUITests" */;
			buildPhases = (
				03871B691E71A35400575B2C /* Sources */,
				03871B6A1E71A35400575B2C /* Frameworks */,
				03871B6B1E71A35400575B2C /* Resources */,
			);
			buildRules = (
			);
			dependencies = (
				03871B6F1E71A35400575B2C /* PBXTargetDependency */,
			);
			name = LayoutsUITests;
			productName = LayoutsUITests;
			productReference = 03871B6D1E71A35400575B2C /* LayoutsUITests.xctest */;
			productType = "com.apple.product-type.bundle.ui-testing";
		};
/* End PBXNativeTarget section */

/* Begin PBXProject section */
		03871B411E71A35300575B2C /* Project object */ = {
			isa = PBXProject;
			attributes = {
				LastUpgradeCheck = 0820;
				ORGANIZATIONNAME = "Joseph Nguyen";
				TargetAttributes = {
					03871B481E71A35300575B2C = {
						CreatedOnToolsVersion = 8.2.1;
						ProvisioningStyle = Automatic;
					};
					03871B611E71A35400575B2C = {
						CreatedOnToolsVersion = 8.2.1;
						ProvisioningStyle = Automatic;
						TestTargetID = 03871B481E71A35300575B2C;
					};
					03871B6C1E71A35400575B2C = {
						CreatedOnToolsVersion = 8.2.1;
						ProvisioningStyle = Automatic;
						TestTargetID = 03871B481E71A35300575B2C;
					};
				};
			};
			buildConfigurationList = 03871B441E71A35300575B2C /* Build configuration list for PBXProject "Layouts" */;
			compatibilityVersion = "Xcode 3.2";
			developmentRegion = English;
			hasScannedForEncodings = 0;
			knownRegions = (
				en,
				Base,
				vi,
			);
			mainGroup = 03871B401E71A35300575B2C;
			productRefGroup = 03871B4A1E71A35300575B2C /* Products */;
			projectDirPath = "";
			projectRoot = "";
			targets = (
				03871B481E71A35300575B2C /* Layouts */,
				03871B611E71A35400575B2C /* LayoutsTests */,
				03871B6C1E71A35400575B2C /* LayoutsUITests */,
			);
		};
/* End PBXProject section */

/* Begin PBXResourcesBuildPhase section */
		03871B471E71A35300575B2C /* Resources */ = {
			isa = PBXResourcesBuildPhase;
			buildActionMask = 2147483647;
			files = (
				039ACA8B1EB5042E000A5A24 /* Leftmenu.storyboard in Resources */,
				0388A62D1EB5E3A4008D7EFD /* AutoLayout.storyboard in Resources */,
				03EA5AC11EB4FCE9005DE51E /* Localizable.strings in Resources */,
				039ACA8A1EB5042E000A5A24 /* ImageView.storyboard in Resources */,
				03871B591E71A35400575B2C /* Assets.xcassets in Resources */,
				03999B5A1EB3ABC1003D64C0 /* LaunchScreen.storyboard in Resources */,
			);
			runOnlyForDeploymentPostprocessing = 0;
		};
		03871B601E71A35400575B2C /* Resources */ = {
			isa = PBXResourcesBuildPhase;
			buildActionMask = 2147483647;
			files = (
			);
			runOnlyForDeploymentPostprocessing = 0;
		};
		03871B6B1E71A35400575B2C /* Resources */ = {
			isa = PBXResourcesBuildPhase;
			buildActionMask = 2147483647;
			files = (
			);
			runOnlyForDeploymentPostprocessing = 0;
		};
/* End PBXResourcesBuildPhase section */

/* Begin PBXShellScriptBuildPhase section */
		117D8444F041DCF1FAEA2858 /* [CP] Copy Pods Resources */ = {
			isa = PBXShellScriptBuildPhase;
			buildActionMask = 2147483647;
			files = (
			);
			inputPaths = (
			);
			name = "[CP] Copy Pods Resources";
			outputPaths = (
			);
			runOnlyForDeploymentPostprocessing = 0;
			shellPath = /bin/sh;
			shellScript = "\"${SRCROOT}/Pods/Target Support Files/Pods-Layouts/Pods-Layouts-resources.sh\"\n";
			showEnvVarsInLog = 0;
		};
		6F1044D6CE9DB9B96DBB745E /* [CP] Check Pods Manifest.lock */ = {
			isa = PBXShellScriptBuildPhase;
			buildActionMask = 2147483647;
			files = (
			);
			inputPaths = (
			);
			name = "[CP] Check Pods Manifest.lock";
			outputPaths = (
			);
			runOnlyForDeploymentPostprocessing = 0;
			shellPath = /bin/sh;
			shellScript = "diff \"${PODS_ROOT}/../Podfile.lock\" \"${PODS_ROOT}/Manifest.lock\" > /dev/null\nif [ $? != 0 ] ; then\n    # print error to STDERR\n    echo \"error: The sandbox is not in sync with the Podfile.lock. Run 'pod install' or update your CocoaPods installation.\" >&2\n    exit 1\nfi\n";
			showEnvVarsInLog = 0;
		};
		B224F02F0E10C17BD783AE10 /* [CP] Embed Pods Frameworks */ = {
			isa = PBXShellScriptBuildPhase;
			buildActionMask = 2147483647;
			files = (
			);
			inputPaths = (
			);
			name = "[CP] Embed Pods Frameworks";
			outputPaths = (
			);
			runOnlyForDeploymentPostprocessing = 0;
			shellPath = /bin/sh;
			shellScript = "\"${SRCROOT}/Pods/Target Support Files/Pods-Layouts/Pods-Layouts-frameworks.sh\"\n";
			showEnvVarsInLog = 0;
		};
/* End PBXShellScriptBuildPhase section */

/* Begin PBXSourcesBuildPhase section */
		03871B451E71A35300575B2C /* Sources */ = {
			isa = PBXSourcesBuildPhase;
			buildActionMask = 2147483647;
			files = (
				0388A62B1EB5A101008D7EFD /* MenuHeaderItemTableViewCell.m in Sources */,
				039ACA851EB50425000A5A24 /* ImageViewController.m in Sources */,
				03871B511E71A35400575B2C /* AppDelegate.m in Sources */,
				0388A6301EB5E3DB008D7EFD /* AutoLayoutViewController.m in Sources */,
				039ACA791EB50407000A5A24 /* CommonUtils.m in Sources */,
				039ACA861EB50425000A5A24 /* LeftMenuViewController.m in Sources */,
				03871B4E1E71A35300575B2C /* main.m in Sources */,
				0388A6281EB59E8A008D7EFD /* MenuHeaderTableViewCell.m in Sources */,
			);
			runOnlyForDeploymentPostprocessing = 0;
		};
		03871B5E1E71A35400575B2C /* Sources */ = {
			isa = PBXSourcesBuildPhase;
			buildActionMask = 2147483647;
			files = (
			);
			runOnlyForDeploymentPostprocessing = 0;
		};
		03871B691E71A35400575B2C /* Sources */ = {
			isa = PBXSourcesBuildPhase;
			buildActionMask = 2147483647;
			files = (
			);
			runOnlyForDeploymentPostprocessing = 0;
		};
/* End PBXSourcesBuildPhase section */

/* Begin PBXTargetDependency section */
		03871B641E71A35400575B2C /* PBXTargetDependency */ = {
			isa = PBXTargetDependency;
			target = 03871B481E71A35300575B2C /* Layouts */;
			targetProxy = 03871B631E71A35400575B2C /* PBXContainerItemProxy */;
		};
		03871B6F1E71A35400575B2C /* PBXTargetDependency */ = {
			isa = PBXTargetDependency;
			target = 03871B481E71A35300575B2C /* Layouts */;
			targetProxy = 03871B6E1E71A35400575B2C /* PBXContainerItemProxy */;
		};
/* End PBXTargetDependency section */

/* Begin PBXVariantGroup section */
		03EA5AC31EB4FCE9005DE51E /* Localizable.strings */ = {
			isa = PBXVariantGroup;
			children = (
				03EA5AC21EB4FCE9005DE51E /* en */,
				03EA5AC41EB4FCEB005DE51E /* vi */,
			);
			name = Localizable.strings;
			sourceTree = "<group>";
		};
/* End PBXVariantGroup section */

/* Begin XCBuildConfiguration section */
		03871B741E71A35400575B2C /* Debug */ = {
			isa = XCBuildConfiguration;
			buildSettings = {
				ALWAYS_SEARCH_USER_PATHS = NO;
				CLANG_ANALYZER_LOCALIZABILITY_NONLOCALIZED = YES;
				CLANG_ANALYZER_NONNULL = YES;
				CLANG_CXX_LANGUAGE_STANDARD = "gnu++0x";
				CLANG_CXX_LIBRARY = "libc++";
				CLANG_ENABLE_MODULES = YES;
				CLANG_ENABLE_OBJC_ARC = YES;
				CLANG_WARN_BOOL_CONVERSION = YES;
				CLANG_WARN_CONSTANT_CONVERSION = YES;
				CLANG_WARN_DIRECT_OBJC_ISA_USAGE = YES_ERROR;
				CLANG_WARN_DOCUMENTATION_COMMENTS = YES;
				CLANG_WARN_EMPTY_BODY = YES;
				CLANG_WARN_ENUM_CONVERSION = YES;
				CLANG_WARN_INFINITE_RECURSION = YES;
				CLANG_WARN_INT_CONVERSION = YES;
				CLANG_WARN_OBJC_ROOT_CLASS = YES_ERROR;
				CLANG_WARN_SUSPICIOUS_MOVE = YES;
				CLANG_WARN_UNREACHABLE_CODE = YES;
				CLANG_WARN__DUPLICATE_METHOD_MATCH = YES;
				"CODE_SIGN_IDENTITY[sdk=iphoneos*]" = "iPhone Developer";
				COPY_PHASE_STRIP = NO;
				DEBUG_INFORMATION_FORMAT = dwarf;
				ENABLE_STRICT_OBJC_MSGSEND = YES;
				ENABLE_TESTABILITY = YES;
				GCC_C_LANGUAGE_STANDARD = gnu99;
				GCC_DYNAMIC_NO_PIC = NO;
				GCC_NO_COMMON_BLOCKS = YES;
				GCC_OPTIMIZATION_LEVEL = 0;
				GCC_PREPROCESSOR_DEFINITIONS = (
					"DEBUG=1",
					"$(inherited)",
				);
				GCC_WARN_64_TO_32_BIT_CONVERSION = YES;
				GCC_WARN_ABOUT_RETURN_TYPE = YES_ERROR;
				GCC_WARN_UNDECLARED_SELECTOR = YES;
				GCC_WARN_UNINITIALIZED_AUTOS = YES_AGGRESSIVE;
				GCC_WARN_UNUSED_FUNCTION = YES;
				GCC_WARN_UNUSED_VARIABLE = YES;
				IPHONEOS_DEPLOYMENT_TARGET = 10.2;
				MTL_ENABLE_DEBUG_INFO = YES;
				ONLY_ACTIVE_ARCH = YES;
				SDKROOT = iphoneos;
			};
			name = Debug;
		};
		03871B751E71A35400575B2C /* Release */ = {
			isa = XCBuildConfiguration;
			buildSettings = {
				ALWAYS_SEARCH_USER_PATHS = NO;
				CLANG_ANALYZER_LOCALIZABILITY_NONLOCALIZED = YES;
				CLANG_ANALYZER_NONNULL = YES;
				CLANG_CXX_LANGUAGE_STANDARD = "gnu++0x";
				CLANG_CXX_LIBRARY = "libc++";
				CLANG_ENABLE_MODULES = YES;
				CLANG_ENABLE_OBJC_ARC = YES;
				CLANG_WARN_BOOL_CONVERSION = YES;
				CLANG_WARN_CONSTANT_CONVERSION = YES;
				CLANG_WARN_DIRECT_OBJC_ISA_USAGE = YES_ERROR;
				CLANG_WARN_DOCUMENTATION_COMMENTS = YES;
				CLANG_WARN_EMPTY_BODY = YES;
				CLANG_WARN_ENUM_CONVERSION = YES;
				CLANG_WARN_INFINITE_RECURSION = YES;
				CLANG_WARN_INT_CONVERSION = YES;
				CLANG_WARN_OBJC_ROOT_CLASS = YES_ERROR;
				CLANG_WARN_SUSPICIOUS_MOVE = YES;
				CLANG_WARN_UNREACHABLE_CODE = YES;
				CLANG_WARN__DUPLICATE_METHOD_MATCH = YES;
				"CODE_SIGN_IDENTITY[sdk=iphoneos*]" = "iPhone Developer";
				COPY_PHASE_STRIP = NO;
				DEBUG_INFORMATION_FORMAT = "dwarf-with-dsym";
				ENABLE_NS_ASSERTIONS = NO;
				ENABLE_STRICT_OBJC_MSGSEND = YES;
				GCC_C_LANGUAGE_STANDARD = gnu99;
				GCC_NO_COMMON_BLOCKS = YES;
				GCC_WARN_64_TO_32_BIT_CONVERSION = YES;
				GCC_WARN_ABOUT_RETURN_TYPE = YES_ERROR;
				GCC_WARN_UNDECLARED_SELECTOR = YES;
				GCC_WARN_UNINITIALIZED_AUTOS = YES_AGGRESSIVE;
				GCC_WARN_UNUSED_FUNCTION = YES;
				GCC_WARN_UNUSED_VARIABLE = YES;
				IPHONEOS_DEPLOYMENT_TARGET = 10.2;
				MTL_ENABLE_DEBUG_INFO = NO;
				SDKROOT = iphoneos;
				VALIDATE_PRODUCT = YES;
			};
			name = Release;
		};
		03871B771E71A35400575B2C /* Debug */ = {
			isa = XCBuildConfiguration;
			baseConfigurationReference = A33073B8C9B9D1CECF910413 /* Pods-Layouts.debug.xcconfig */;
			buildSettings = {
				ASSETCATALOG_COMPILER_APPICON_NAME = AppIcon;
				GCC_PREFIX_HEADER = "$(SRCROOT)/Layouts/PrefixHeader.pch";
				INFOPLIST_FILE = Layouts/Info.plist;
				LD_RUNPATH_SEARCH_PATHS = "$(inherited) @executable_path/Frameworks";
				PRODUCT_BUNDLE_IDENTIFIER = khang.nguyen.Layouts;
				PRODUCT_NAME = "$(TARGET_NAME)";
			};
			name = Debug;
		};
		03871B781E71A35400575B2C /* Release */ = {
			isa = XCBuildConfiguration;
			baseConfigurationReference = 4FBCB201CB9ECB92F5AFBFB8 /* Pods-Layouts.release.xcconfig */;
			buildSettings = {
				ASSETCATALOG_COMPILER_APPICON_NAME = AppIcon;
				GCC_PREFIX_HEADER = "$(SRCROOT)/Layouts/PrefixHeader.pch";
				INFOPLIST_FILE = Layouts/Info.plist;
				LD_RUNPATH_SEARCH_PATHS = "$(inherited) @executable_path/Frameworks";
				PRODUCT_BUNDLE_IDENTIFIER = khang.nguyen.Layouts;
				PRODUCT_NAME = "$(TARGET_NAME)";
			};
			name = Release;
		};
		03871B7A1E71A35400575B2C /* Debug */ = {
			isa = XCBuildConfiguration;
			buildSettings = {
				BUNDLE_LOADER = "$(TEST_HOST)";
				INFOPLIST_FILE = LayoutsTests/Info.plist;
				LD_RUNPATH_SEARCH_PATHS = "$(inherited) @executable_path/Frameworks @loader_path/Frameworks";
				PRODUCT_BUNDLE_IDENTIFIER = khang.nguyen.LayoutsTests;
				PRODUCT_NAME = "$(TARGET_NAME)";
				TEST_HOST = "$(BUILT_PRODUCTS_DIR)/Layouts.app/Layouts";
			};
			name = Debug;
		};
		03871B7B1E71A35400575B2C /* Release */ = {
			isa = XCBuildConfiguration;
			buildSettings = {
				BUNDLE_LOADER = "$(TEST_HOST)";
				INFOPLIST_FILE = LayoutsTests/Info.plist;
				LD_RUNPATH_SEARCH_PATHS = "$(inherited) @executable_path/Frameworks @loader_path/Frameworks";
				PRODUCT_BUNDLE_IDENTIFIER = khang.nguyen.LayoutsTests;
				PRODUCT_NAME = "$(TARGET_NAME)";
				TEST_HOST = "$(BUILT_PRODUCTS_DIR)/Layouts.app/Layouts";
			};
			name = Release;
		};
		03871B7D1E71A35400575B2C /* Debug */ = {
			isa = XCBuildConfiguration;
			buildSettings = {
				INFOPLIST_FILE = LayoutsUITests/Info.plist;
				LD_RUNPATH_SEARCH_PATHS = "$(inherited) @executable_path/Frameworks @loader_path/Frameworks";
				PRODUCT_BUNDLE_IDENTIFIER = khang.nguyen.LayoutsUITests;
				PRODUCT_NAME = "$(TARGET_NAME)";
				TEST_TARGET_NAME = Layouts;
			};
			name = Debug;
		};
		03871B7E1E71A35400575B2C /* Release */ = {
			isa = XCBuildConfiguration;
			buildSettings = {
				INFOPLIST_FILE = LayoutsUITests/Info.plist;
				LD_RUNPATH_SEARCH_PATHS = "$(inherited) @executable_path/Frameworks @loader_path/Frameworks";
				PRODUCT_BUNDLE_IDENTIFIER = khang.nguyen.LayoutsUITests;
				PRODUCT_NAME = "$(TARGET_NAME)";
				TEST_TARGET_NAME = Layouts;
			};
			name = Release;
		};
/* End XCBuildConfiguration section */

/* Begin XCConfigurationList section */
		03871B441E71A35300575B2C /* Build configuration list for PBXProject "Layouts" */ = {
			isa = XCConfigurationList;
			buildConfigurations = (
				03871B741E71A35400575B2C /* Debug */,
				03871B751E71A35400575B2C /* Release */,
			);
			defaultConfigurationIsVisible = 0;
			defaultConfigurationName = Release;
		};
		03871B761E71A35400575B2C /* Build configuration list for PBXNativeTarget "Layouts" */ = {
			isa = XCConfigurationList;
			buildConfigurations = (
				03871B771E71A35400575B2C /* Debug */,
				03871B781E71A35400575B2C /* Release */,
			);
			defaultConfigurationIsVisible = 0;
			defaultConfigurationName = Release;
		};
		03871B791E71A35400575B2C /* Build configuration list for PBXNativeTarget "LayoutsTests" */ = {
			isa = XCConfigurationList;
			buildConfigurations = (
				03871B7A1E71A35400575B2C /* Debug */,
				03871B7B1E71A35400575B2C /* Release */,
			);
			defaultConfigurationIsVisible = 0;
			defaultConfigurationName = Release;
		};
		03871B7C1E71A35400575B2C /* Build configuration list for PBXNativeTarget "LayoutsUITests" */ = {
			isa = XCConfigurationList;
			buildConfigurations = (
				03871B7D1E71A35400575B2C /* Debug */,
				03871B7E1E71A35400575B2C /* Release */,
			);
			defaultConfigurationIsVisible = 0;
			defaultConfigurationName = Release;
		};
/* End XCConfigurationList section */
	};
	rootObject = 03871B411E71A35300575B2C /* Project object */;
}
